
Microsoft Visual Studio Solution File, Format Version 12.00
# Visual Studio Version 17
VisualStudioVersion = 17.1.32210.238
MinimumVisualStudioVersion = 10.0.40219.1
Project("{FAE04EC0-301F-11D3-BF4B-00C04F79EFBC}") = "Invoice_Generator", "Invoice_Generator\Invoice_Generator.csproj", "{2C3E371A-AD4E-49B5-879E-99DC9F1268AA}"
EndProject
Global
	GlobalSection(SolutionConfigurationPlatforms) = preSolution
		Debug|Any CPU = Debug|Any CPU
		Release|Any CPU = Release|Any CPU
	EndGlobalSection
	GlobalSection(ProjectConfigurationPlatforms) = postSolution
		{2C3E371A-AD4E-49B5-879E-99DC9F1268AA}.Debug|Any CPU.ActiveCfg = Debug|Any CPU
		{2C3E371A-AD4E-49B5-879E-99DC9F1268AA}.Debug|Any CPU.Build.0 = Debug|Any CPU
		{2C3E371A-AD4E-49B5-879E-99DC9F1268AA}.Release|Any CPU.ActiveCfg = Release|Any CPU
		{2C3E371A-AD4E-49B5-879E-99DC9F1268AA}.Release|Any CPU.Build.0 = Release|Any CPU
	EndGlobalSection
	GlobalSection(SolutionProperties) = preSolution
		HideSolutionNode = FALSE
	EndGlobalSection
	GlobalSection(ExtensibilityGlobals) = postSolution
		SolutionGuid = {67FB0F61-80F2-4F78-B12B-94586D30689E}
	EndGlobalSection
EndGlobal
